[metadata]
lock_version = 2
declaration_hash_version = 1
declaration_hash = "sha256:dcc275938dae1044aaebc42643d199f84685217c847732158bf23c907b725d14"
generated_by = "ocx 0.4.3"
generated_at = "2026-07-16T12:15:57Z"

[[tool]]
name = "cli"
group = "default"
repository = "dev.ocx.sh/ocx/cli"

[tool.platforms]
"darwin/amd64" = "sha256:a445afe2d0f1e6c6355823100c64973ebd037f03c5f80d1aa798bfec30a2bfe3"
"darwin/arm64" = "sha256:f044f7fc5b37a69397c3b9e59cbd88643e56964475a76b5b4caff3046b336790"
"linux/amd64" = "sha256:70c9677c3429675bca559b7197440d074692783a5069bb5c29a0e0b7e5c78188"
"linux/arm64" = "sha256:cc31d7cd1643124d65536ea771a2d8c5d6b832c6e4d29f3bc52d2e5caa31d29a"
"windows/amd64" = "sha256:58ec7d4305a7ada1f7cfb36dc8b008d25c97706ebddc241118faf0898f8f5c75"
"windows/arm64" = "sha256:814b354d22d7f9f467313f91865c0d4f393a65e80ec9f276d66dc85f5033843d"

[[tool]]
name = "mirror"
group = "default"
repository = "dev.ocx.sh/ocx/mirror"

[tool.platforms]
"darwin/amd64" = "sha256:4d51f12b4acd34e426567df1ff5bd9b51d8c64ecd03fd4823589a0863ac129a5"
"darwin/arm64" = "sha256:c7983bfe1919ec5d49a23b9c3222c4b52e06fbe8a2323ee81a5c6e20d6aed1f5"
"linux/amd64" = "sha256:4523879827d6e406f3b729e0029ca91f25584b76ad279b025a899fdb27df5398"
"linux/arm64" = "sha256:289f3846bf9b302e8271302da0dd75c73b53619504ce6afdcf82ff231d63a7e9"
"windows/amd64" = "sha256:f67f22b9d92dc4b3f78134085a2a3ea29084565f14d17ad2d0b7bb46f7c30952"
"windows/arm64" = "sha256:e4d72431d652ba70694a3b9628dcebd5d9e11557b46d93c839edca1d2befd8c6"
